// !$*UTF8*$!
{
	archiveVersion = 1;
	classes = {
	};
	objectVersion = 46;
	objects = {

/* Begin PBXBuildFile section */
		671B74A11CAEAEF600029C7E /* GoogleMobileAds.framework in Frameworks */ = {isa = PBXBuildFile; fileRef = 671B74A01CAEAEF600029C7E /* GoogleMobileAds.framework */; };
		675411151C9AFF73006A1BFC /* AppDelegate.swift in Sources */ = {isa = PBXBuildFile; fileRef = 675411141C9AFF73006A1BFC /* AppDelegate.swift */; };
		675411171C9AFF73006A1BFC /* ViewController.swift in Sources */ = {isa = PBXBuildFile; fileRef = 675411161C9AFF73006A1BFC /* ViewController.swift */; };
		6754111A1C9AFF73006A1BFC /* Main.storyboard in Resources */ = {isa = PBXBuildFile; fileRef = 675411181C9AFF73006A1BFC /* Main.storyboard */; };
		6754111C1C9AFF73006A1BFC /* Assets.xcassets in Resources */ = {isa = PBXBuildFile; fileRef = 6754111B1C9AFF73006A1BFC /* Assets.xcassets */; };
		6754111F1C9AFF73006A1BFC /* LaunchScreen.storyboard in Resources */ = {isa = PBXBuildFile; fileRef = 6754111D1C9AFF73006A1BFC /* LaunchScreen.storyboard */; };
/* End PBXBuildFile section */

/* Begin PBXFileReference section */
		671B74A01CAEAEF600029C7E /* GoogleMobileAds.framework */ = {isa = PBXFileReference; lastKnownFileType = wrapper.framework; path = GoogleMobileAds.framework; sourceTree = "<group>"; };
		675411111C9AFF73006A1BFC /* RachaConta.app */ = {isa = PBXFileReference; explicitFileType = wrapper.application; includeInIndex = 0; path = RachaConta.app; sourceTree = BUILT_PRODUCTS_DIR; };
		675411141C9AFF73006A1BFC /* AppDelegate.swift */ = {isa = PBXFileReference; lastKnownFileType = sourcecode.swift; path = AppDelegate.swift; sourceTree = "<group>"; };
		675411161C9AFF73006A1BFC /* ViewController.swift */ = {isa = PBXFileReference; lastKnownFileType = sourcecode.swift; path = ViewController.swift; sourceTree = "<group>"; };
		675411191C9AFF73006A1BFC /* Base */ = {isa = PBXFileReference; lastKnownFileType = file.storyboard; name = Base; path = Base.lproj/Main.storyboard; sourceTree = "<group>"; };
		6754111B1C9AFF73006A1BFC /* Assets.xcassets */ = {isa = PBXFileReference; lastKnownFileType = folder.assetcatalog; path = Assets.xcassets; sourceTree = "<group>"; };
		6754111E1C9AFF73006A1BFC /* Base */ = {isa = PBXFileReference; lastKnownFileType = file.storyboard; name = Base; path = Base.lproj/LaunchScreen.storyboard; sourceTree = "<group>"; };
		675411201C9AFF73006A1BFC /* Info.plist */ = {isa = PBXFileReference; lastKnownFileType = text.plist.xml; path = Info.plist; sourceTree = "<group>"; };
/* End PBXFileReference section */

/* Begin PBXFrameworksBuildPhase section */
		6754110E1C9AFF72006A1BFC /* Frameworks */ = {
			isa = PBXFrameworksBuildPhase;
			buildActionMask = 2147483647;
			files = (
				671B74A11CAEAEF600029C7E /* GoogleMobileAds.framework in Frameworks */,
			);
			runOnlyForDeploymentPostprocessing = 0;
		};
/* End PBXFrameworksBuildPhase section */

/* Begin PBXGroup section */
		675411081C9AFF72006A1BFC = {
			isa = PBXGroup;
			children = (
				671B74A01CAEAEF600029C7E /* GoogleMobileAds.framework */,
				675411131C9AFF73006A1BFC /* RachaConta */,
				675411121C9AFF73006A1BFC /* Products */,
			);
			sourceTree = "<group>";
		};
		675411121C9AFF73006A1BFC /* Products */ = {
			isa = PBXGroup;
			children = (
				675411111C9AFF73006A1BFC /* RachaConta.app */,
			);
			name = Products;
			sourceTree = "<group>";
		};
		675411131C9AFF73006A1BFC /* RachaConta */ = {
			isa = PBXGroup;
			children = (
				675411141C9AFF73006A1BFC /* AppDelegate.swift */,
				675411161C9AFF73006A1BFC /* ViewController.swift */,
				675411181C9AFF73006A1BFC /* Main.storyboard */,
				6754111B1C9AFF73006A1BFC /* Assets.xcassets */,
				6754111D1C9AFF73006A1BFC /* LaunchScreen.storyboard */,
				675411201C9AFF73006A1BFC /* Info.plist */,
			);
			path = RachaConta;
			sourceTree = "<group>";
		};
/* End PBXGroup section */

/* Begin PBXNativeTarget section */
		675411101C9AFF72006A1BFC /* RachaConta */ = {
			isa = PBXNativeTarget;
			buildConfigurationList = 675411231C9AFF73006A1BFC /* Build configuration list for PBXNativeTarget "RachaConta" */;
			buildPhases = (
				6754110D1C9AFF72006A1BFC /* Sources */,
				6754110E1C9AFF72006A1BFC /* Frameworks */,
				6754110F1C9AFF72006A1BFC /* Resources */,
			);
			buildRules = (
			);
			dependencies = (
			);
			name = RachaConta;
			productName = RachaConta;
			productReference = 675411111C9AFF73006A1BFC /* RachaConta.app */;
			productType = "com.apple.product-type.application";
		};
/* End PBXNativeTarget section */

/* Begin PBXProject section */
		675411091C9AFF72006A1BFC /* Project object */ = {
			isa = PBXProject;
			attributes = {
				LastSwiftUpdateCheck = 0720;
				LastUpgradeCheck = 0720;
				ORGANIZATIONNAME = "Thiago Tosetti Lopes";
				TargetAttributes = {
					675411101C9AFF72006A1BFC = {
						CreatedOnToolsVersion = 7.2.1;
						DevelopmentTeam = 73CDM9NDC9;
					};
				};
			};
			buildConfigurationList = 6754110C1C9AFF72006A1BFC /* Build configuration list for PBXProject "RachaConta" */;
			compatibilityVersion = "Xcode 3.2";
			developmentRegion = English;
			hasScannedForEncodings = 0;
			knownRegions = (
				en,
				Base,
			);
			mainGroup = 675411081C9AFF72006A1BFC;
			productRefGroup = 675411121C9AFF73006A1BFC /* Products */;
			projectDirPath = "";
			projectRoot = "";
			targets = (
				675411101C9AFF72006A1BFC /* RachaConta */,
			);
		};
/* End PBXProject section */

/* Begin PBXResourcesBuildPhase section */
		6754110F1C9AFF72006A1BFC /* Resources */ = {
			isa = PBXResourcesBuildPhase;
			buildActionMask = 2147483647;
			files = (
				6754111F1C9AFF73006A1BFC /* LaunchScreen.storyboard in Resources */,
				6754111C1C9AFF73006A1BFC /* Assets.xcassets in Resources */,
				6754111A1C9AFF73006A1BFC /* Main.storyboard in Resources */,
			);
			runOnlyForDeploymentPostprocessing = 0;
		};
/* End PBXResourcesBuildPhase section */

/* Begin PBXSourcesBuildPhase section */
		6754110D1C9AFF72006A1BFC /* Sources */ = {
			isa = PBXSourcesBuildPhase;
			buildActionMask = 2147483647;
			files = (
				675411171C9AFF73006A1BFC /* ViewController.swift in Sources */,
				675411151C9AFF73006A1BFC /* AppDelegate.swift in Sources */,
			);
			runOnlyForDeploymentPostprocessing = 0;
		};
/* End PBXSourcesBuildPhase section */

/* Begin PBXVariantGroup section */
		675411181C9AFF73006A1BFC /* Main.storyboard */ = {
			isa = PBXVariantGroup;
			children = (
				675411191C9AFF73006A1BFC /* Base */,
			);
			name = Main.storyboard;
			sourceTree = "<group>";
		};
		6754111D1C9AFF73006A1BFC /* LaunchScreen.storyboard */ = {
			isa = PBXVariantGroup;
			children = (
				6754111E1C9AFF73006A1BFC /* Base */,
			);
			name = LaunchScreen.storyboard;
			sourceTree = "<group>";
		};
/* End PBXVariantGroup section */

/* Begin XCBuildConfiguration section */
		675411211C9AFF73006A1BFC /* Debug */ = {
			isa = XCBuildConfiguration;
			buildSettings = {
				ALWAYS_SEARCH_USER_PATHS = NO;
				CLANG_CXX_LANGUAGE_STANDARD = "gnu++0x";
				CLANG_CXX_LIBRARY = "libc++";
				CLANG_ENABLE_MODULES = YES;
				CLANG_ENABLE_OBJC_ARC = YES;
				CLANG_WARN_BOOL_CONVERSION = YES;
				CLANG_WARN_CONSTANT_CONVERSION = YES;
				CLANG_WARN_DIRECT_OBJC_ISA_USAGE = YES_ERROR;
				CLANG_WARN_EMPTY_BODY = YES;
				CLANG_WARN_ENUM_CONVERSION = YES;
				CLANG_WARN_INT_CONVERSION = YES;
				CLANG_WARN_OBJC_ROOT_CLASS = YES_ERROR;
				CLANG_WARN_UNREACHABLE_CODE = YES;
				CLANG_WARN__DUPLICATE_METHOD_MATCH = YES;
				"CODE_SIGN_IDENTITY[sdk=iphoneos*]" = "iPhone Developer";
				COPY_PHASE_STRIP = NO;
				DEBUG_INFORMATION_FORMAT = dwarf;
				ENABLE_STRICT_OBJC_MSGSEND = YES;
				ENABLE_TESTABILITY = YES;
				GCC_C_LANGUAGE_STANDARD = gnu99;
				GCC_DYNAMIC_NO_PIC = NO;
				GCC_NO_COMMON_BLOCKS = YES;
				GCC_OPTIMIZATION_LEVEL = 0;
				GCC_PREPROCESSOR_DEFINITIONS = (
					"DEBUG=1",
					"$(inherited)",
				);
				GCC_WARN_64_TO_32_BIT_CONVERSION = YES;
				GCC_WARN_ABOUT_RETURN_TYPE = YES_ERROR;
				GCC_WARN_UNDECLARED_SELECTOR = YES;
				GCC_WARN_UNINITIALIZED_AUTOS = YES_AGGRESSIVE;
				GCC_WARN_UNUSED_FUNCTION = YES;
				GCC_WARN_UNUSED_VARIABLE = YES;
				IPHONEOS_DEPLOYMENT_TARGET = 9.2;
				MTL_ENABLE_DEBUG_INFO = YES;
				ONLY_ACTIVE_ARCH = YES;
				SDKROOT = iphoneos;
				SWIFT_OPTIMIZATION_LEVEL = "-Onone";
				TARGETED_DEVICE_FAMILY = "1,2";
			};
			name = Debug;
		};
		675411221C9AFF73006A1BFC /* Release */ = {
			isa = XCBuildConfiguration;
			buildSettings = {
				ALWAYS_SEARCH_USER_PATHS = NO;
				CLANG_CXX_LANGUAGE_STANDARD = "gnu++0x";
				CLANG_CXX_LIBRARY = "libc++";
				CLANG_ENABLE_MODULES = YES;
				CLANG_ENABLE_OBJC_ARC = YES;
				CLANG_WARN_BOOL_CONVERSION = YES;
				CLANG_WARN_CONSTANT_CONVERSION = YES;
				CLANG_WARN_DIRECT_OBJC_ISA_USAGE = YES_ERROR;
				CLANG_WARN_EMPTY_BODY = YES;
				CLANG_WARN_ENUM_CONVERSION = YES;
				CLANG_WARN_INT_CONVERSION = YES;
				CLANG_WARN_OBJC_ROOT_CLASS = YES_ERROR;
				CLANG_WARN_UNREACHABLE_CODE = YES;
				CLANG_WARN__DUPLICATE_METHOD_MATCH = YES;
				"CODE_SIGN_IDENTITY[sdk=iphoneos*]" = "iPhone Developer";
				COPY_PHASE_STRIP = NO;
				DEBUG_INFORMATION_FORMAT = "dwarf-with-dsym";
				ENABLE_NS_ASSERTIONS = NO;
				ENABLE_STRICT_OBJC_MSGSEND = YES;
				GCC_C_LANGUAGE_STANDARD = gnu99;
				GCC_NO_COMMON_BLOCKS = YES;
				GCC_WARN_64_TO_32_BIT_CONVERSION = YES;
				GCC_WARN_ABOUT_RETURN_TYPE = YES_ERROR;
				GCC_WARN_UNDECLARED_SELECTOR = YES;
				GCC_WARN_UNINITIALIZED_AUTOS = YES_AGGRESSIVE;
				GCC_WARN_UNUSED_FUNCTION = YES;
				GCC_WARN_UNUSED_VARIABLE = YES;
				IPHONEOS_DEPLOYMENT_TARGET = 9.2;
				MTL_ENABLE_DEBUG_INFO = NO;
				SDKROOT = iphoneos;
				TARGETED_DEVICE_FAMILY = "1,2";
				VALIDATE_PRODUCT = YES;
			};
			name = Release;
		};
		675411241C9AFF73006A1BFC /* Debug */ = {
			isa = XCBuildConfiguration;
			buildSettings = {
				ASSETCATALOG_COMPILER_APPICON_NAME = AppIcon;
				CODE_SIGN_IDENTITY = "iPhone Developer";
				FRAMEWORK_SEARCH_PATHS = (
					"$(inherited)",
					"$(PROJECT_DIR)",
				);
				INFOPLIST_FILE = RachaConta/Info.plist;
				LD_RUNPATH_SEARCH_PATHS = "$(inherited) @executable_path/Frameworks";
				PRODUCT_BUNDLE_IDENTIFIER = "com.Thiago-Tosetti-Lopes.RachaConta";
				PRODUCT_NAME = "$(TARGET_NAME)";
				TARGETED_DEVICE_FAMILY = 1;
			};
			name = Debug;
		};
		675411251C9AFF73006A1BFC /* Release */ = {
			isa = XCBuildConfiguration;
			buildSettings = {
				ASSETCATALOG_COMPILER_APPICON_NAME = AppIcon;
				CODE_SIGN_IDENTITY = "iPhone Developer";
				FRAMEWORK_SEARCH_PATHS = (
					"$(inherited)",
					"$(PROJECT_DIR)",
				);
				INFOPLIST_FILE = RachaConta/Info.plist;
				LD_RUNPATH_SEARCH_PATHS = "$(inherited) @executable_path/Frameworks";
				PRODUCT_BUNDLE_IDENTIFIER = "com.Thiago-Tosetti-Lopes.RachaConta";
				PRODUCT_NAME = "$(TARGET_NAME)";
				TARGETED_DEVICE_FAMILY = 1;
			};
			name = Release;
		};
/* End XCBuildConfiguration section */

/* Begin XCConfigurationList section */
		6754110C1C9AFF72006A1BFC /* Build configuration list for PBXProject "RachaConta" */ = {
			isa = XCConfigurationList;
			buildConfigurations = (
				675411211C9AFF73006A1BFC /* Debug */,
				675411221C9AFF73006A1BFC /* Release */,
			);
			defaultConfigurationIsVisible = 0;
			defaultConfigurationName = Release;
		};
		675411231C9AFF73006A1BFC /* Build configuration list for PBXNativeTarget "RachaConta" */ = {
			isa = XCConfigurationList;
			buildConfigurations = (
				675411241C9AFF73006A1BFC /* Debug */,
				675411251C9AFF73006A1BFC /* Release */,
			);
			defaultConfigurationIsVisible = 0;
			defaultConfigurationName = Release;
		};
/* End XCConfigurationList section */
	};
	rootObject = 675411091C9AFF72006A1BFC /* Project object */;
}
